
Microsoft Visual Studio Solution File, Format Version 12.00
# Visual Studio Version 16
VisualStudioVersion = 16.0.30717.126
MinimumVisualStudioVersion = 10.0.40219.1
Project("{FAE04EC0-301F-11D3-BF4B-00C04F79EFBC}") = "20211025_StackImplementation", "20211025_StackImplementation\20211025_StackImplementation.csproj", "{C8BE67AA-73F4-4D4C-A502-4572FD819745}"
EndProject
Global
	GlobalSection(SolutionConfigurationPlatforms) = preSolution
		Debug|Any CPU = Debug|Any CPU
		Release|Any CPU = Release|Any CPU
	EndGlobalSection
	GlobalSection(ProjectConfigurationPlatforms) = postSolution
		{C8BE67AA-73F4-4D4C-A502-4572FD819745}.Debug|Any CPU.ActiveCfg = Debug|Any CPU
		{C8BE67AA-73F4-4D4C-A502-4572FD819745}.Debug|Any CPU.Build.0 = Debug|Any CPU
		{C8BE67AA-73F4-4D4C-A502-4572FD819745}.Release|Any CPU.ActiveCfg = Release|Any CPU
		{C8BE67AA-73F4-4D4C-A502-4572FD819745}.Release|Any CPU.Build.0 = Release|Any CPU
	EndGlobalSection
	GlobalSection(SolutionProperties) = preSolution
		HideSolutionNode = FALSE
	EndGlobalSection
	GlobalSection(ExtensibilityGlobals) = postSolution
		SolutionGuid = {A9A05E3E-F52B-4D05-AA4D-22A88344551B}
	EndGlobalSection
EndGlobal
